
Microsoft Visual Studio Solution File, Format Version 12.00
# Visual Studio Version 17
VisualStudioVersion = 17.4.33103.184
MinimumVisualStudioVersion = 10.0.40219.1
Project("{FAE04EC0-301F-11D3-BF4B-00C04F79EFBC}") = "ByteBank.SistemaAgencia", "..\ByteBank\ByteBank.SistemaAgencia\ByteBank.SistemaAgencia.csproj", "{2421D13D-9366-4751-BB5B-688FDE9079E3}"
EndProject
Project("{FAE04EC0-301F-11D3-BF4B-00C04F79EFBC}") = "ByteBank.Modelos", "..\ByteBank\ByteBank.Modelos\ByteBank.Modelos.csproj", "{D6D69B31-FDBE-48DF-B89E-C5F5E275C98F}"
EndProject
Global
	GlobalSection(SolutionConfigurationPlatforms) = preSolution
		Debug|Any CPU = Debug|Any CPU
		Release|Any CPU = Release|Any CPU
	EndGlobalSection
	GlobalSection(ProjectConfigurationPlatforms) = postSolution
		{2421D13D-9366-4751-BB5B-688FDE9079E3}.Debug|Any CPU.ActiveCfg = Debug|Any CPU
		{2421D13D-9366-4751-BB5B-688FDE9079E3}.Debug|Any CPU.Build.0 = Debug|Any CPU
		{2421D13D-9366-4751-BB5B-688FDE9079E3}.Release|Any CPU.ActiveCfg = Release|Any CPU
		{2421D13D-9366-4751-BB5B-688FDE9079E3}.Release|Any CPU.Build.0 = Release|Any CPU
		{D6D69B31-FDBE-48DF-B89E-C5F5E275C98F}.Debug|Any CPU.ActiveCfg = Debug|Any CPU
		{D6D69B31-FDBE-48DF-B89E-C5F5E275C98F}.Debug|Any CPU.Build.0 = Debug|Any CPU
		{D6D69B31-FDBE-48DF-B89E-C5F5E275C98F}.Release|Any CPU.ActiveCfg = Release|Any CPU
		{D6D69B31-FDBE-48DF-B89E-C5F5E275C98F}.Release|Any CPU.Build.0 = Release|Any CPU
	EndGlobalSection
	GlobalSection(SolutionProperties) = preSolution
		HideSolutionNode = FALSE
	EndGlobalSection
	GlobalSection(ExtensibilityGlobals) = postSolution
		SolutionGuid = {4C460BFB-F253-412E-8188-9F878983D671}
	EndGlobalSection
EndGlobal
